Microsoft Visual Studio Solution File, Format Version 12.00
# Visual Studio Version 17
VisualStudioVersion = 17.5.2.0
MinimumVisualStudioVersion = 10.0.40219.1
Project("{FAE04EC0-301F-11D3-BF4B-00C04F79EFBC}") = "TarkovHelper", "TarkovHelper.csproj", "{AF9DFE9A-884D-CCF7-9B91-5DDFDDD8DF38}"
EndProject
Global
	GlobalSection(SolutionConfigurationPlatforms) = preSolution
		Debug|Any CPU = Debug|Any CPU
		Release|Any CPU = Release|Any CPU
	EndGlobalSection
	GlobalSection(ProjectConfigurationPlatforms) = postSolution
		{AF9DFE9A-884D-CCF7-9B91-5DDFDDD8DF38}.Debug|Any CPU.ActiveCfg = Debug|Any CPU
		{AF9DFE9A-884D-CCF7-9B91-5DDFDDD8DF38}.Debug|Any CPU.Build.0 = Debug|Any CPU
		{AF9DFE9A-884D-CCF7-9B91-5DDFDDD8DF38}.Release|Any CPU.ActiveCfg = Release|Any CPU
		{AF9DFE9A-884D-CCF7-9B91-5DDFDDD8DF38}.Release|Any CPU.Build.0 = Release|Any CPU
	EndGlobalSection
	GlobalSection(SolutionProperties) = preSolution
		HideSolutionNode = FALSE
	EndGlobalSection
	GlobalSection(ExtensibilityGlobals) = postSolution
		SolutionGuid = {97B707AB-7500-4882-814F-C8DD8857365B}
	EndGlobalSection
EndGlobal
